
Microsoft Visual Studio Solution File, Format Version 12.00
# Visual Studio Version 16
VisualStudioVersion = 16.0.30711.63
MinimumVisualStudioVersion = 10.0.40219.1
Project("{FAE04EC0-301F-11D3-BF4B-00C04F79EFBC}") = "Crypto lab1", "Crypto lab1.csproj", "{6EB92C98-3E60-4E61-9FD4-B748B5047E9B}"
EndProject
Global
	GlobalSection(SolutionConfigurationPlatforms) = preSolution
		Debug|Any CPU = Debug|Any CPU
		Release|Any CPU = Release|Any CPU
	EndGlobalSection
	GlobalSection(ProjectConfigurationPlatforms) = postSolution
		{6EB92C98-3E60-4E61-9FD4-B748B5047E9B}.Debug|Any CPU.ActiveCfg = Debug|Any CPU
		{6EB92C98-3E60-4E61-9FD4-B748B5047E9B}.Debug|Any CPU.Build.0 = Debug|Any CPU
		{6EB92C98-3E60-4E61-9FD4-B748B5047E9B}.Release|Any CPU.ActiveCfg = Release|Any CPU
		{6EB92C98-3E60-4E61-9FD4-B748B5047E9B}.Release|Any CPU.Build.0 = Release|Any CPU
	EndGlobalSection
	GlobalSection(SolutionProperties) = preSolution
		HideSolutionNode = FALSE
	EndGlobalSection
	GlobalSection(ExtensibilityGlobals) = postSolution
		SolutionGuid = {6836CBF4-E423-430A-91E6-CDF17C68F20F}
	EndGlobalSection
EndGlobal
